<?xml version="1.0" encoding="utf-8"?>
<Project ToolsVersion="4.0" xmlns="http://schemas.microsoft.com/developer/msbuild/2003">
  <ItemGroup>
    <Filter Include="Source Files">
      <UniqueIdentifier>{4FC737F1-C7A5-4376-A066-2A32D752A2FF}</UniqueIdentifier>
      <Extensions>cpp;c;cc;cxx;def;odl;idl;hpj;bat;asm;asmx</Extensions>
    </Filter>
    <Filter Include="Header Files">
      <UniqueIdentifier>{93995380-89BD-4b04-88EB-625FBE52EBFB}</UniqueIdentifier>
      <Extensions>h;hpp;hxx;hm;inl;inc;xsd</Extensions>
    </Filter>
    <Filter Include="Resource Files">
      <UniqueIdentifier>{67DA6AB6-F800-4c08-8B7A-83BB121AAD01}</UniqueIdentifier>
      <Extensions>rc;ico;cur;bmp;dlg;rc2;rct;bin;rgs;gif;jpg;jpeg;jpe;resx;tiff;tif;png;wav;mfcribbon-ms</Extensions>
    </Filter>
  </ItemGroup>
  <ItemGroup>
    <ClInclude Include="..\examples\cppunittest\assertion_traitsTest.h">
      <Filter>Header Files</Filter>
    </ClInclude>
    <ClInclude Include="..\examples\cppunittest\BaseTestCase.h">
      <Filter>Header Files</Filter>
    </ClInclude>
    <ClInclude Include="..\examples\cppunittest\CoreSuite.h">
      <Filter>Header Files</Filter>
    </ClInclude>
    <ClInclude Include="..\examples\cppunittest\ExceptionTest.h">
      <Filter>Header Files</Filter>
    </ClInclude>
    <ClInclude Include="..\examples\cppunittest\ExceptionTestCaseDecoratorTest.h">
      <Filter>Header Files</Filter>
    </ClInclude>
    <ClInclude Include="..\examples\cppunittest\ExtensionSuite.h">
      <Filter>Header Files</Filter>
    </ClInclude>
    <ClInclude Include="..\examples\cppunittest\FailureException.h">
      <Filter>Header Files</Filter>
    </ClInclude>
    <ClInclude Include="..\examples\cppunittest\HelperMacrosTest.h">
      <Filter>Header Files</Filter>
    </ClInclude>
    <ClInclude Include="..\examples\cppunittest\HelperSuite.h">
      <Filter>Header Files</Filter>
    </ClInclude>
    <ClInclude Include="..\examples\cppunittest\MessageTest.h">
      <Filter>Header Files</Filter>
    </ClInclude>
    <ClInclude Include="..\examples\cppunittest\MockFunctor.h">
      <Filter>Header Files</Filter>
    </ClInclude>
    <ClInclude Include="..\examples\cppunittest\MockProtector.h">
      <Filter>Header Files</Filter>
    </ClInclude>
    <ClInclude Include="..\examples\cppunittest\MockTestCase.h">
      <Filter>Header Files</Filter>
    </ClInclude>
    <ClInclude Include="..\examples\cppunittest\MockTestListener.h">
      <Filter>Header Files</Filter>
    </ClInclude>
    <ClInclude Include="..\examples\cppunittest\OrthodoxTest.h">
      <Filter>Header Files</Filter>
    </ClInclude>
    <ClInclude Include="..\examples\cppunittest\OutputSuite.h">
      <Filter>Header Files</Filter>
    </ClInclude>
    <ClInclude Include="..\examples\cppunittest\RepeatedTestTest.h">
      <Filter>Header Files</Filter>
    </ClInclude>
    <ClInclude Include="..\examples\cppunittest\StringToolsTest.h">
      <Filter>Header Files</Filter>
    </ClInclude>
    <ClInclude Include="..\examples\cppunittest\SubclassedTestCase.h">
      <Filter>Header Files</Filter>
    </ClInclude>
    <ClInclude Include="..\examples\cppunittest\SynchronizedTestResult.h">
      <Filter>Header Files</Filter>
    </ClInclude>
    <ClInclude Include="..\examples\cppunittest\TestAssertTest.h">
      <Filter>Header Files</Filter>
    </ClInclude>
    <ClInclude Include="..\examples\cppunittest\TestCallerTest.h">
      <Filter>Header Files</Filter>
    </ClInclude>
    <ClInclude Include="..\examples\cppunittest\TestCaseTest.h">
      <Filter>Header Files</Filter>
    </ClInclude>
    <ClInclude Include="..\examples\cppunittest\TestDecoratorTest.h">
      <Filter>Header Files</Filter>
    </ClInclude>
    <ClInclude Include="..\examples\cppunittest\TestFailureTest.h">
      <Filter>Header Files</Filter>
    </ClInclude>
    <ClInclude Include="..\examples\cppunittest\TestPathTest.h">
      <Filter>Header Files</Filter>
    </ClInclude>
    <ClInclude Include="..\examples\cppunittest\TestResultCollectorTest.h">
      <Filter>Header Files</Filter>
    </ClInclude>
    <ClInclude Include="..\examples\cppunittest\TestResultTest.h">
      <Filter>Header Files</Filter>
    </ClInclude>
    <ClInclude Include="..\examples\cppunittest\TestSetUpTest.h">
      <Filter>Header Files</Filter>
    </ClInclude>
    <ClInclude Include="..\examples\cppunittest\TestSuiteTest.h">
      <Filter>Header Files</Filter>
    </ClInclude>
    <ClInclude Include="..\examples\cppunittest\TestTest.h">
      <Filter>Header Files</Filter>
    </ClInclude>
    <ClInclude Include="..\examples\cppunittest\ToolsSuite.h">
      <Filter>Header Files</Filter>
    </ClInclude>
    <ClInclude Include="..\examples\cppunittest\TrackedTestCase.h">
      <Filter>Header Files</Filter>
    </ClInclude>
    <ClInclude Include="..\examples\cppunittest\UnitTestToolSuite.h">
      <Filter>Header Files</Filter>
    </ClInclude>
    <ClInclude Include="..\examples\cppunittest\XmlElementTest.h">
      <Filter>Header Files</Filter>
    </ClInclude>
    <ClInclude Include="..\examples\cppunittest\XmlOutputterTest.h">
      <Filter>Header Files</Filter>
    </ClInclude>
    <ClInclude Include="..\examples\cppunittest\XmlUniformiser.h">
      <Filter>Header Files</Filter>
    </ClInclude>
    <ClInclude Include="..\examples\cppunittest\XmlUniformiserTest.h">
      <Filter>Header Files</Filter>
    </ClInclude>
  </ItemGroup>
  <ItemGroup>
    <ClCompile Include="..\examples\cppunittest\assertion_traitsTest.cpp">
      <Filter>Source Files</Filter>
    </ClCompile>
    <ClCompile Include="..\examples\cppunittest\BaseTestCase.cpp">
      <Filter>Source Files</Filter>
    </ClCompile>
    <ClCompile Include="..\examples\cppunittest\CppUnitTestMain.cpp">
      <Filter>Source Files</Filter>
    </ClCompile>
    <ClCompile Include="..\examples\cppunittest\CppUnitTestPlugIn.cpp">
      <Filter>Source Files</Filter>
    </ClCompile>
    <ClCompile Include="..\examples\cppunittest\CppUnitTestSuite.cpp">
      <Filter>Source Files</Filter>
    </ClCompile>
    <ClCompile Include="..\examples\cppunittest\ExceptionTest.cpp">
      <Filter>Source Files</Filter>
    </ClCompile>
    <ClCompile Include="..\examples\cppunittest\ExceptionTestCaseDecoratorTest.cpp">
      <Filter>Source Files</Filter>
    </ClCompile>
    <ClCompile Include="..\examples\cppunittest\HelperMacrosTest.cpp">
      <Filter>Source Files</Filter>
    </ClCompile>
    <ClCompile Include="..\examples\cppunittest\MessageTest.cpp">
      <Filter>Source Files</Filter>
    </ClCompile>
    <ClCompile Include="..\examples\cppunittest\MockTestCase.cpp">
      <Filter>Source Files</Filter>
    </ClCompile>
    <ClCompile Include="..\examples\cppunittest\MockTestListener.cpp">
      <Filter>Source Files</Filter>
    </ClCompile>
    <ClCompile Include="..\examples\cppunittest\OrthodoxTest.cpp">
      <Filter>Source Files</Filter>
    </ClCompile>
    <ClCompile Include="..\examples\cppunittest\RepeatedTestTest.cpp">
      <Filter>Source Files</Filter>
    </ClCompile>
    <ClCompile Include="..\examples\cppunittest\StringToolsTest.cpp">
      <Filter>Source Files</Filter>
    </ClCompile>
    <ClCompile Include="..\examples\cppunittest\SubclassedTestCase.cpp">
      <Filter>Source Files</Filter>
    </ClCompile>
    <ClCompile Include="..\examples\cppunittest\TestAssertTest.cpp">
      <Filter>Source Files</Filter>
    </ClCompile>
    <ClCompile Include="..\examples\cppunittest\TestCallerTest.cpp">
      <Filter>Source Files</Filter>
    </ClCompile>
    <ClCompile Include="..\examples\cppunittest\TestCaseTest.cpp">
      <Filter>Source Files</Filter>
    </ClCompile>
    <ClCompile Include="..\examples\cppunittest\TestDecoratorTest.cpp">
      <Filter>Source Files</Filter>
    </ClCompile>
    <ClCompile Include="..\examples\cppunittest\TestFailureTest.cpp">
      <Filter>Source Files</Filter>
    </ClCompile>
    <ClCompile Include="..\examples\cppunittest\TestPathTest.cpp">
      <Filter>Source Files</Filter>
    </ClCompile>
    <ClCompile Include="..\examples\cppunittest\TestResultCollectorTest.cpp">
      <Filter>Source Files</Filter>
    </ClCompile>
    <ClCompile Include="..\examples\cppunittest\TestResultTest.cpp">
      <Filter>Source Files</Filter>
    </ClCompile>
    <ClCompile Include="..\examples\cppunittest\TestSetUpTest.cpp">
      <Filter>Source Files</Filter>
    </ClCompile>
    <ClCompile Include="..\examples\cppunittest\TestSuiteTest.cpp">
      <Filter>Source Files</Filter>
    </ClCompile>
    <ClCompile Include="..\examples\cppunittest\TestTest.cpp">
      <Filter>Source Files</Filter>
    </ClCompile>
    <ClCompile Include="..\examples\cppunittest\TrackedTestCase.cpp">
      <Filter>Source Files</Filter>
    </ClCompile>
    <ClCompile Include="..\examples\cppunittest\XmlElementTest.cpp">
      <Filter>Source Files</Filter>
    </ClCompile>
    <ClCompile Include="..\examples\cppunittest\XmlOutputterTest.cpp">
      <Filter>Source Files</Filter>
    </ClCompile>
    <ClCompile Include="..\examples\cppunittest\XmlUniformiser.cpp">
      <Filter>Source Files</Filter>
    </ClCompile>
    <ClCompile Include="..\examples\cppunittest\XmlUniformiserTest.cpp">
      <Filter>Source Files</Filter>
    </ClCompile>
  </ItemGroup>
</Project>
